
Microsoft Visual Studio Solution File, Format Version 12.00
# Visual Studio 15
VisualStudioVersion = 15.0.26124.0
MinimumVisualStudioVersion = 15.0.26124.0
Project("{FAE04EC0-301F-11D3-BF4B-00C04F79EFBC}") = "WMBlazorHistoryManager", "WMBlazorHistoryManager\WMBlazorHistoryManager.csproj", "{B1603990-D62C-42B6-92D3-5B450F95CDBE}"
EndProject
Project("{FAE04EC0-301F-11D3-BF4B-00C04F79EFBC}") = "BlazorWasmDemo", "BlazorWasmDemo\BlazorWasmDemo.csproj", "{4A96B858-8B28-41DB-A616-33130FE6BD01}"
EndProject
Global
	GlobalSection(SolutionConfigurationPlatforms) = preSolution
		Debug|Any CPU = Debug|Any CPU
		Debug|x64 = Debug|x64
		Debug|x86 = Debug|x86
		Release|Any CPU = Release|Any CPU
		Release|x64 = Release|x64
		Release|x86 = Release|x86
	EndGlobalSection
	GlobalSection(SolutionProperties) = preSolution
		HideSolutionNode = FALSE
	EndGlobalSection
	GlobalSection(ProjectConfigurationPlatforms) = postSolution
		{B1603990-D62C-42B6-92D3-5B450F95CDBE}.Debug|Any CPU.ActiveCfg = Debug|Any CPU
		{B1603990-D62C-42B6-92D3-5B450F95CDBE}.Debug|Any CPU.Build.0 = Debug|Any CPU
		{B1603990-D62C-42B6-92D3-5B450F95CDBE}.Debug|x64.ActiveCfg = Debug|Any CPU
		{B1603990-D62C-42B6-92D3-5B450F95CDBE}.Debug|x64.Build.0 = Debug|Any CPU
		{B1603990-D62C-42B6-92D3-5B450F95CDBE}.Debug|x86.ActiveCfg = Debug|Any CPU
		{B1603990-D62C-42B6-92D3-5B450F95CDBE}.Debug|x86.Build.0 = Debug|Any CPU
		{B1603990-D62C-42B6-92D3-5B450F95CDBE}.Release|Any CPU.ActiveCfg = Release|Any CPU
		{B1603990-D62C-42B6-92D3-5B450F95CDBE}.Release|Any CPU.Build.0 = Release|Any CPU
		{B1603990-D62C-42B6-92D3-5B450F95CDBE}.Release|x64.ActiveCfg = Release|Any CPU
		{B1603990-D62C-42B6-92D3-5B450F95CDBE}.Release|x64.Build.0 = Release|Any CPU
		{B1603990-D62C-42B6-92D3-5B450F95CDBE}.Release|x86.ActiveCfg = Release|Any CPU
		{B1603990-D62C-42B6-92D3-5B450F95CDBE}.Release|x86.Build.0 = Release|Any CPU
		{4A96B858-8B28-41DB-A616-33130FE6BD01}.Debug|Any CPU.ActiveCfg = Debug|Any CPU
		{4A96B858-8B28-41DB-A616-33130FE6BD01}.Debug|Any CPU.Build.0 = Debug|Any CPU
		{4A96B858-8B28-41DB-A616-33130FE6BD01}.Debug|x64.ActiveCfg = Debug|Any CPU
		{4A96B858-8B28-41DB-A616-33130FE6BD01}.Debug|x64.Build.0 = Debug|Any CPU
		{4A96B858-8B28-41DB-A616-33130FE6BD01}.Debug|x86.ActiveCfg = Debug|Any CPU
		{4A96B858-8B28-41DB-A616-33130FE6BD01}.Debug|x86.Build.0 = Debug|Any CPU
		{4A96B858-8B28-41DB-A616-33130FE6BD01}.Release|Any CPU.ActiveCfg = Release|Any CPU
		{4A96B858-8B28-41DB-A616-33130FE6BD01}.Release|Any CPU.Build.0 = Release|Any CPU
		{4A96B858-8B28-41DB-A616-33130FE6BD01}.Release|x64.ActiveCfg = Release|Any CPU
		{4A96B858-8B28-41DB-A616-33130FE6BD01}.Release|x64.Build.0 = Release|Any CPU
		{4A96B858-8B28-41DB-A616-33130FE6BD01}.Release|x86.ActiveCfg = Release|Any CPU
		{4A96B858-8B28-41DB-A616-33130FE6BD01}.Release|x86.Build.0 = Release|Any CPU
	EndGlobalSection
EndGlobal
